{
  "nodes": {
    "fish-format": {
      "inputs": {
        "flake-parts": [
          "flake-parts"
        ],
        "nixpkgs": [
          "nixpkgs"
        ]
      },
      "locked": {
        "lastModified": 1790087133,
        "narHash": "sha256-EXqqPk80PCnugwGqgkrf4zMM32pXDRofuAUP670qj+Q=",
        "owner": "Drazape",
        "repo": "fish-format",
        "rev": "b1022fd93ef9c00f103b5b67d3ead7589fbb3e8e",
        "type": "github"
      },
      "original": {
        "owner": "Drazape",
        "repo": "fish-format",
        "type": "github"
      }
    },
    "fish-helpText": {
      "inputs": {
        "flake-parts": [
          "flake-parts"
        ],
        "nixpkgs": [
          "nixpkgs"
        ]
      },
      "locked": {
        "lastModified": 1790087145,
        "narHash": "sha256-/67ZSsdl/Gl3sSiUCHp4rjJqCB+SV0QCXZaWhqwzObs=",
        "owner": "Drazape",
        "repo": "fish-helpText",
        "rev": "cc0019e321f73937d2e02ef3be22066648484497",
        "type": "github"
      },
      "original": {
        "owner": "Drazape",
        "repo": "fish-helpText",
        "type": "github"
      }
    },
    "flake-parts": {
      "inputs": {
        "nixpkgs-lib": "nixpkgs-lib"
      },
      "locked": {
        "lastModified": 1788450739,
        "narHash": "sha256-glZLQlzIn1fXH6PazR2iUmTo7kzzyYSshrWhLS9TqCU=",
        "owner": "hercules-ci",
        "repo": "flake-parts",
        "rev": "31729ca8cbdb4fa927b34e5f4353e6a83f39e993",
        "type": "github"
      },
      "original": {
        "owner": "hercules-ci",
        "repo": "flake-parts",
        "type": "github"
      }
    },
    "nixpkgs": {
      "locked": {
        "lastModified": 1790055231,
        "narHash": "sha256-QpXotokGh5eeMG1Njiuh27oP0rK6t5+cMp7ymXSs7mc=",
        "owner": "NixOS",
        "repo": "nixpkgs",
        "rev": "b6c98e9e6633ee64753b594ff4a5febf0367fc00",
        "type": "github"
      },
      "original": {
        "owner": "NixOS",
        "ref": "nixpkgs-unstable",
        "repo": "nixpkgs",
        "type": "github"
      }
    },
    "nixpkgs-lib": {
      "locked": {
        "lastModified": 1788057806,
        "narHash": "sha256-DTQSMxzDWmT0zhguthvegnVkn7CFqGCv4IHCzk5ZUpM=",
        "owner": "nix-community",
        "repo": "nixpkgs.lib",
        "rev": "596e2e3940e09b2abbeb03f75fa1828c57fcd72c",
        "type": "github"
      },
      "original": {
        "owner": "nix-community",
        "repo": "nixpkgs.lib",
        "type": "github"
      }
    },
    "root": {
      "inputs": {
        "fish-format": "fish-format",
        "fish-helpText": "fish-helpText",
        "flake-parts": "flake-parts",
        "nixpkgs": "nixpkgs"
      }
    }
  },
  "root": "root",
  "version": 7
}
