{
  "nodes": {
    "fish-format": {
      "inputs": {
        "flake-parts": [
          "flake-parts"
        ],
        "nixpkgs": [
          "nixpkgs"
        ]
      },
      "locked": {
        "lastModified": 1789731491,
        "narHash": "sha256-1DWOHAIITJKYJIutOJhkrS19zOei6SooXblsfqSmeh4=",
        "owner": "Drazape",
        "repo": "fish-format",
        "rev": "4f33c3b1865fccea514135897f4cf30f20a98af0",
        "type": "github"
      },
      "original": {
        "owner": "Drazape",
        "repo": "fish-format",
        "type": "github"
      }
    },
    "fish-helpText": {
      "inputs": {
        "flake-parts": [
          "flake-parts"
        ],
        "nixpkgs": [
          "nixpkgs"
        ]
      },
      "locked": {
        "lastModified": 1789481168,
        "narHash": "sha256-IJH11HRoYl0M7I4mQLH0nACJQPKYLL3j9gZn8MAqCF4=",
        "owner": "Drazape",
        "repo": "fish-helpText",
        "rev": "b76a27e0acf8df6afc96409ae6497e87d01b3a9b",
        "type": "github"
      },
      "original": {
        "owner": "Drazape",
        "repo": "fish-helpText",
        "type": "github"
      }
    },
    "flake-parts": {
      "inputs": {
        "nixpkgs-lib": "nixpkgs-lib"
      },
      "locked": {
        "lastModified": 1788450739,
        "narHash": "sha256-glZLQlzIn1fXH6PazR2iUmTo7kzzyYSshrWhLS9TqCU=",
        "owner": "hercules-ci",
        "repo": "flake-parts",
        "rev": "31729ca8cbdb4fa927b34e5f4353e6a83f39e993",
        "type": "github"
      },
      "original": {
        "owner": "hercules-ci",
        "repo": "flake-parts",
        "type": "github"
      }
    },
    "nixpkgs": {
      "locked": {
        "lastModified": 1789632929,
        "narHash": "sha256-RjR8AyvGlWuw16XRj7C1YDEw4E27ciuyPeB2nDMzgTU=",
        "owner": "NixOS",
        "repo": "nixpkgs",
        "rev": "a32edd7654519351e48e80372a928df336394670",
        "type": "github"
      },
      "original": {
        "owner": "NixOS",
        "ref": "nixpkgs-unstable",
        "repo": "nixpkgs",
        "type": "github"
      }
    },
    "nixpkgs-lib": {
      "locked": {
        "lastModified": 1788057806,
        "narHash": "sha256-DTQSMxzDWmT0zhguthvegnVkn7CFqGCv4IHCzk5ZUpM=",
        "owner": "nix-community",
        "repo": "nixpkgs.lib",
        "rev": "596e2e3940e09b2abbeb03f75fa1828c57fcd72c",
        "type": "github"
      },
      "original": {
        "owner": "nix-community",
        "repo": "nixpkgs.lib",
        "type": "github"
      }
    },
    "root": {
      "inputs": {
        "fish-format": "fish-format",
        "fish-helpText": "fish-helpText",
        "flake-parts": "flake-parts",
        "nixpkgs": "nixpkgs"
      }
    }
  },
  "root": "root",
  "version": 7
}
